// !$*UTF8*$!
{
	archiveVersion = 1;
	classes = {
	};
	objectVersion = 46;
	objects = {

/* Begin PBXBuildFile section */
		3C817E8819DE13B00019C413 /* Foundation.framework in Frameworks */ = {isa = PBXBuildFile; fileRef = 3C817E8719DE13B00019C413 /* Foundation.framework */; };
		3C817E8A19DE13B00019C413 /* CoreGraphics.framework in Frameworks */ = {isa = PBXBuildFile; fileRef = 3C817E8919DE13B00019C413 /* CoreGraphics.framework */; };
		3C817E8C19DE13B00019C413 /* UIKit.framework in Frameworks */ = {isa = PBXBuildFile; fileRef = 3C817E8B19DE13B00019C413 /* UIKit.framework */; };
		3C817E9219DE13B00019C413 /* InfoPlist.strings in Resources */ = {isa = PBXBuildFile; fileRef = 3C817E9019DE13B00019C413 /* InfoPlist.strings */; };
		3C817E9419DE13B00019C413 /* main.m in Sources */ = {isa = PBXBuildFile; fileRef = 3C817E9319DE13B00019C413 /* main.m */; };
		3C817E9819DE13B00019C413 /* CAppDelegate.m in Sources */ = {isa = PBXBuildFile; fileRef = 3C817E9719DE13B00019C413 /* CAppDelegate.m */; };
		3C817E9B19DE13B00019C413 /* Main.storyboard in Resources */ = {isa = PBXBuildFile; fileRef = 3C817E9919DE13B00019C413 /* Main.storyboard */; };
		3C817E9E19DE13B00019C413 /* CViewController.m in Sources */ = {isa = PBXBuildFile; fileRef = 3C817E9D19DE13B00019C413 /* CViewController.m */; };
		3C817EA019DE13B00019C413 /* Images.xcassets in Resources */ = {isa = PBXBuildFile; fileRef = 3C817E9F19DE13B00019C413 /* Images.xcassets */; };
		3C817EA719DE13B00019C413 /* XCTest.framework in Frameworks */ = {isa = PBXBuildFile; fileRef = 3C817EA619DE13B00019C413 /* XCTest.framework */; };
		3C817EA819DE13B00019C413 /* Foundation.framework in Frameworks */ = {isa = PBXBuildFile; fileRef = 3C817E8719DE13B00019C413 /* Foundation.framework */; };
		3C817EA919DE13B00019C413 /* UIKit.framework in Frameworks */ = {isa = PBXBuildFile; fileRef = 3C817E8B19DE13B00019C413 /* UIKit.framework */; };
		3C817EB119DE13B00019C413 /* InfoPlist.strings in Resources */ = {isa = PBXBuildFile; fileRef = 3C817EAF19DE13B00019C413 /* InfoPlist.strings */; };
		3C817EB319DE13B00019C413 /* ExampleProjectTests.m in Sources */ = {isa = PBXBuildFile; fileRef = 3C817EB219DE13B00019C413 /* ExampleProjectTests.m */; };
/* End PBXBuildFile section */

/* Begin PBXContainerItemProxy section */
		3C817EAA19DE13B00019C413 /* PBXContainerItemProxy */ = {
			isa = PBXContainerItemProxy;
			containerPortal = 3C817E7C19DE13B00019C413 /* Project object */;
			proxyType = 1;
			remoteGlobalIDString = 3C817E8319DE13B00019C413;
			remoteInfo = ExampleProject;
		};
/* End PBXContainerItemProxy section */

/* Begin PBXFileReference section */
		3C817E8419DE13B00019C413 /* ExampleProject.app */ = {isa = PBXFileReference; explicitFileType = wrapper.application; includeInIndex = 0; path = ExampleProject.app; sourceTree = BUILT_PRODUCTS_DIR; };
		3C817E8719DE13B00019C413 /* Foundation.framework */ = {isa = PBXFileReference; lastKnownFileType = wrapper.framework; name = Foundation.framework; path = System/Library/Frameworks/Foundation.framework; sourceTree = SDKROOT; };
		3C817E8919DE13B00019C413 /* CoreGraphics.framework */ = {isa = PBXFileReference; lastKnownFileType = wrapper.framework; name = CoreGraphics.framework; path = System/Library/Frameworks/CoreGraphics.framework; sourceTree = SDKROOT; };
		3C817E8B19DE13B00019C413 /* UIKit.framework */ = {isa = PBXFileReference; lastKnownFileType = wrapper.framework; name = UIKit.framework; path = System/Library/Frameworks/UIKit.framework; sourceTree = SDKROOT; };
		3C817E8F19DE13B00019C413 /* ExampleProject-Info.plist */ = {isa = PBXFileReference; lastKnownFileType = text.plist.xml; path = "ExampleProject-Info.plist"; sourceTree = "<group>"; };
		3C817E9119DE13B00019C413 /* en */ = {isa = PBXFileReference; lastKnownFileType = text.plist.strings; name = en; path = en.lproj/InfoPlist.strings; sourceTree = "<group>"; };
		3C817E9319DE13B00019C413 /* main.m */ = {isa = PBXFileReference; lastKnownFileType = sourcecode.c.objc; path = main.m; sourceTree = "<group>"; };
		3C817E9519DE13B00019C413 /* ExampleProject-Prefix.pch */ = {isa = PBXFileReference; lastKnownFileType = sourcecode.c.h; path = "ExampleProject-Prefix.pch"; sourceTree = "<group>"; };
		3C817E9619DE13B00019C413 /* CAppDelegate.h */ = {isa = PBXFileReference; lastKnownFileType = sourcecode.c.h; path = CAppDelegate.h; sourceTree = "<group>"; };
		3C817E9719DE13B00019C413 /* CAppDelegate.m */ = {isa = PBXFileReference; lastKnownFileType = sourcecode.c.objc; path = CAppDelegate.m; sourceTree = "<group>"; };
		3C817E9A19DE13B00019C413 /* Base */ = {isa = PBXFileReference; lastKnownFileType = file.storyboard; name = Base; path = Base.lproj/Main.storyboard; sourceTree = "<group>"; };
		3C817E9C19DE13B00019C413 /* CViewController.h */ = {isa = PBXFileReference; lastKnownFileType = sourcecode.c.h; path = CViewController.h; sourceTree = "<group>"; };
		3C817E9D19DE13B00019C413 /* CViewController.m */ = {isa = PBXFileReference; lastKnownFileType = sourcecode.c.objc; path = CViewController.m; sourceTree = "<group>"; };
		3C817E9F19DE13B00019C413 /* Images.xcassets */ = {isa = PBXFileReference; lastKnownFileType = folder.assetcatalog; path = Images.xcassets; sourceTree = "<group>"; };
		3C817EA519DE13B00019C413 /* ExampleProjectTests.xctest */ = {isa = PBXFileReference; explicitFileType = wrapper.cfbundle; includeInIndex = 0; path = ExampleProjectTests.xctest; sourceTree = BUILT_PRODUCTS_DIR; };
		3C817EA619DE13B00019C413 /* XCTest.framework */ = {isa = PBXFileReference; lastKnownFileType = wrapper.framework; name = XCTest.framework; path = Library/Frameworks/XCTest.framework; sourceTree = DEVELOPER_DIR; };
		3C817EAE19DE13B00019C413 /* ExampleProjectTests-Info.plist */ = {isa = PBXFileReference; lastKnownFileType = text.plist.xml; path = "ExampleProjectTests-Info.plist"; sourceTree = "<group>"; };
		3C817EB019DE13B00019C413 /* en */ = {isa = PBXFileReference; lastKnownFileType = text.plist.strings; name = en; path = en.lproj/InfoPlist.strings; sourceTree = "<group>"; };
		3C817EB219DE13B00019C413 /* ExampleProjectTests.m */ = {isa = PBXFileReference; lastKnownFileType = sourcecode.c.objc; path = ExampleProjectTests.m; sourceTree = "<group>"; };
/* End PBXFileReference section */

/* Begin PBXFrameworksBuildPhase section */
		3C817E8119DE13B00019C413 /* Frameworks */ = {
			isa = PBXFrameworksBuildPhase;
			buildActionMask = 2147483647;
			files = (
				3C817E8A19DE13B00019C413 /* CoreGraphics.framework in Frameworks */,
				3C817E8C19DE13B00019C413 /* UIKit.framework in Frameworks */,
				3C817E8819DE13B00019C413 /* Foundation.framework in Frameworks */,
			);
			runOnlyForDeploymentPostprocessing = 0;
		};
		3C817EA219DE13B00019C413 /* Frameworks */ = {
			isa = PBXFrameworksBuildPhase;
			buildActionMask = 2147483647;
			files = (
				3C817EA719DE13B00019C413 /* XCTest.framework in Frameworks */,
				3C817EA919DE13B00019C413 /* UIKit.framework in Frameworks */,
				3C817EA819DE13B00019C413 /* Foundation.framework in Frameworks */,
			);
			runOnlyForDeploymentPostprocessing = 0;
		};
/* End PBXFrameworksBuildPhase section */

/* Begin PBXGroup section */
		3C817E7B19DE13B00019C413 = {
			isa = PBXGroup;
			children = (
				3C817E8D19DE13B00019C413 /* ExampleProject */,
				3C817EAC19DE13B00019C413 /* ExampleProjectTests */,
				3C817E8619DE13B00019C413 /* Frameworks */,
				3C817E8519DE13B00019C413 /* Products */,
			);
			sourceTree = "<group>";
		};
		3C817E8519DE13B00019C413 /* Products */ = {
			isa = PBXGroup;
			children = (
				3C817E8419DE13B00019C413 /* ExampleProject.app */,
				3C817EA519DE13B00019C413 /* ExampleProjectTests.xctest */,
			);
			name = Products;
			sourceTree = "<group>";
		};
		3C817E8619DE13B00019C413 /* Frameworks */ = {
			isa = PBXGroup;
			children = (
				3C817E8719DE13B00019C413 /* Foundation.framework */,
				3C817E8919DE13B00019C413 /* CoreGraphics.framework */,
				3C817E8B19DE13B00019C413 /* UIKit.framework */,
				3C817EA619DE13B00019C413 /* XCTest.framework */,
			);
			name = Frameworks;
			sourceTree = "<group>";
		};
		3C817E8D19DE13B00019C413 /* ExampleProject */ = {
			isa = PBXGroup;
			children = (
				3C817E9619DE13B00019C413 /* CAppDelegate.h */,
				3C817E9719DE13B00019C413 /* CAppDelegate.m */,
				3C817E9919DE13B00019C413 /* Main.storyboard */,
				3C817E9C19DE13B00019C413 /* CViewController.h */,
				3C817E9D19DE13B00019C413 /* CViewController.m */,
				3C817E9F19DE13B00019C413 /* Images.xcassets */,
				3C817E8E19DE13B00019C413 /* Supporting Files */,
			);
			path = ExampleProject;
			sourceTree = "<group>";
		};
		3C817E8E19DE13B00019C413 /* Supporting Files */ = {
			isa = PBXGroup;
			children = (
				3C817E8F19DE13B00019C413 /* ExampleProject-Info.plist */,
				3C817E9019DE13B00019C413 /* InfoPlist.strings */,
				3C817E9319DE13B00019C413 /* main.m */,
				3C817E9519DE13B00019C413 /* ExampleProject-Prefix.pch */,
			);
			name = "Supporting Files";
			sourceTree = "<group>";
		};
		3C817EAC19DE13B00019C413 /* ExampleProjectTests */ = {
			isa = PBXGroup;
			children = (
				3C817EB219DE13B00019C413 /* ExampleProjectTests.m */,
				3C817EAD19DE13B00019C413 /* Supporting Files */,
			);
			path = ExampleProjectTests;
			sourceTree = "<group>";
		};
		3C817EAD19DE13B00019C413 /* Supporting Files */ = {
			isa = PBXGroup;
			children = (
				3C817EAE19DE13B00019C413 /* ExampleProjectTests-Info.plist */,
				3C817EAF19DE13B00019C413 /* InfoPlist.strings */,
			);
			name = "Supporting Files";
			sourceTree = "<group>";
		};
/* End PBXGroup section */

/* Begin PBXNativeTarget section */
		3C817E8319DE13B00019C413 /* ExampleProject */ = {
			isa = PBXNativeTarget;
			buildConfigurationList = 3C817EB619DE13B00019C413 /* Build configuration list for PBXNativeTarget "ExampleProject" */;
			buildPhases = (
				3C817E8019DE13B00019C413 /* Sources */,
				3C817E8119DE13B00019C413 /* Frameworks */,
				3C817E8219DE13B00019C413 /* Resources */,
			);
			buildRules = (
			);
			dependencies = (
			);
			name = ExampleProject;
			productName = ExampleProject;
			productReference = 3C817E8419DE13B00019C413 /* ExampleProject.app */;
			productType = "com.apple.product-type.application";
		};
		3C817EA419DE13B00019C413 /* ExampleProjectTests */ = {
			isa = PBXNativeTarget;
			buildConfigurationList = 3C817EB919DE13B00019C413 /* Build configuration list for PBXNativeTarget "ExampleProjectTests" */;
			buildPhases = (
				3C817EA119DE13B00019C413 /* Sources */,
				3C817EA219DE13B00019C413 /* Frameworks */,
				3C817EA319DE13B00019C413 /* Resources */,
			);
			buildRules = (
			);
			dependencies = (
				3C817EAB19DE13B00019C413 /* PBXTargetDependency */,
			);
			name = ExampleProjectTests;
			productName = ExampleProjectTests;
			productReference = 3C817EA519DE13B00019C413 /* ExampleProjectTests.xctest */;
			productType = "com.apple.product-type.bundle.unit-test";
		};
/* End PBXNativeTarget section */

/* Begin PBXProject section */
		3C817E7C19DE13B00019C413 /* Project object */ = {
			isa = PBXProject;
			attributes = {
				CLASSPREFIX = C;
				LastUpgradeCheck = 0510;
				ORGANIZATIONNAME = Jinatum;
				TargetAttributes = {
					3C817EA419DE13B00019C413 = {
						TestTargetID = 3C817E8319DE13B00019C413;
					};
				};
			};
			buildConfigurationList = 3C817E7F19DE13B00019C413 /* Build configuration list for PBXProject "ExampleProject" */;
			compatibilityVersion = "Xcode 3.2";
			developmentRegion = English;
			hasScannedForEncodings = 0;
			knownRegions = (
				en,
				Base,
			);
			mainGroup = 3C817E7B19DE13B00019C413;
			productRefGroup = 3C817E8519DE13B00019C413 /* Products */;
			projectDirPath = "";
			projectRoot = "";
			targets = (
				3C817E8319DE13B00019C413 /* ExampleProject */,
				3C817EA419DE13B00019C413 /* ExampleProjectTests */,
			);
		};
/* End PBXProject section */

/* Begin PBXResourcesBuildPhase section */
		3C817E8219DE13B00019C413 /* Resources */ = {
			isa = PBXResourcesBuildPhase;
			buildActionMask = 2147483647;
			files = (
				3C817EA019DE13B00019C413 /* Images.xcassets in Resources */,
				3C817E9219DE13B00019C413 /* InfoPlist.strings in Resources */,
				3C817E9B19DE13B00019C413 /* Main.storyboard in Resources */,
			);
			runOnlyForDeploymentPostprocessing = 0;
		};
		3C817EA319DE13B00019C413 /* Resources */ = {
			isa = PBXResourcesBuildPhase;
			buildActionMask = 2147483647;
			files = (
				3C817EB119DE13B00019C413 /* InfoPlist.strings in Resources */,
			);
			runOnlyForDeploymentPostprocessing = 0;
		};
/* End PBXResourcesBuildPhase section */

/* Begin PBXSourcesBuildPhase section */
		3C817E8019DE13B00019C413 /* Sources */ = {
			isa = PBXSourcesBuildPhase;
			buildActionMask = 2147483647;
			files = (
				3C817E9819DE13B00019C413 /* CAppDelegate.m in Sources */,
				3C817E9419DE13B00019C413 /* main.m in Sources */,
				3C817E9E19DE13B00019C413 /* CViewController.m in Sources */,
			);
			runOnlyForDeploymentPostprocessing = 0;
		};
		3C817EA119DE13B00019C413 /* Sources */ = {
			isa = PBXSourcesBuildPhase;
			buildActionMask = 2147483647;
			files = (
				3C817EB319DE13B00019C413 /* ExampleProjectTests.m in Sources */,
			);
			runOnlyForDeploymentPostprocessing = 0;
		};
/* End PBXSourcesBuildPhase section */

/* Begin PBXTargetDependency section */
		3C817EAB19DE13B00019C413 /* PBXTargetDependency */ = {
			isa = PBXTargetDependency;
			target = 3C817E8319DE13B00019C413 /* ExampleProject */;
			targetProxy = 3C817EAA19DE13B00019C413 /* PBXContainerItemProxy */;
		};
/* End PBXTargetDependency section */

/* Begin PBXVariantGroup section */
		3C817E9019DE13B00019C413 /* InfoPlist.strings */ = {
			isa = PBXVariantGroup;
			children = (
				3C817E9119DE13B00019C413 /* en */,
			);
			name = InfoPlist.strings;
			sourceTree = "<group>";
		};
		3C817E9919DE13B00019C413 /* Main.storyboard */ = {
			isa = PBXVariantGroup;
			children = (
				3C817E9A19DE13B00019C413 /* Base */,
			);
			name = Main.storyboard;
			sourceTree = "<group>";
		};
		3C817EAF19DE13B00019C413 /* InfoPlist.strings */ = {
			isa = PBXVariantGroup;
			children = (
				3C817EB019DE13B00019C413 /* en */,
			);
			name = InfoPlist.strings;
			sourceTree = "<group>";
		};
/* End PBXVariantGroup section */

/* Begin XCBuildConfiguration section */
		3C817EB419DE13B00019C413 /* Debug */ = {
			isa = XCBuildConfiguration;
			buildSettings = {
				ALWAYS_SEARCH_USER_PATHS = NO;
				CLANG_CXX_LANGUAGE_STANDARD = "gnu++0x";
				CLANG_CXX_LIBRARY = "libc++";
				CLANG_ENABLE_MODULES = YES;
				CLANG_ENABLE_OBJC_ARC = YES;
				CLANG_WARN_BOOL_CONVERSION = YES;
				CLANG_WARN_CONSTANT_CONVERSION = YES;
				CLANG_WARN_DIRECT_OBJC_ISA_USAGE = YES_ERROR;
				CLANG_WARN_EMPTY_BODY = YES;
				CLANG_WARN_ENUM_CONVERSION = YES;
				CLANG_WARN_INT_CONVERSION = YES;
				CLANG_WARN_OBJC_ROOT_CLASS = YES_ERROR;
				CLANG_WARN__DUPLICATE_METHOD_MATCH = YES;
				"CODE_SIGN_IDENTITY[sdk=iphoneos*]" = "iPhone Developer";
				COPY_PHASE_STRIP = NO;
				GCC_C_LANGUAGE_STANDARD = gnu99;
				GCC_DYNAMIC_NO_PIC = NO;
				GCC_OPTIMIZATION_LEVEL = 0;
				GCC_PREPROCESSOR_DEFINITIONS = (
					"DEBUG=1",
					"$(inherited)",
				);
				GCC_SYMBOLS_PRIVATE_EXTERN = NO;
				GCC_WARN_64_TO_32_BIT_CONVERSION = YES;
				GCC_WARN_ABOUT_RETURN_TYPE = YES_ERROR;
				GCC_WARN_UNDECLARED_SELECTOR = YES;
				GCC_WARN_UNINITIALIZED_AUTOS = YES_AGGRESSIVE;
				GCC_WARN_UNUSED_FUNCTION = YES;
				GCC_WARN_UNUSED_VARIABLE = YES;
				IPHONEOS_DEPLOYMENT_TARGET = 7.1;
				ONLY_ACTIVE_ARCH = YES;
				SDKROOT = iphoneos;
			};
			name = Debug;
		};
		3C817EB519DE13B00019C413 /* Release */ = {
			isa = XCBuildConfiguration;
			buildSettings = {
				ALWAYS_SEARCH_USER_PATHS = NO;
				CLANG_CXX_LANGUAGE_STANDARD = "gnu++0x";
				CLANG_CXX_LIBRARY = "libc++";
				CLANG_ENABLE_MODULES = YES;
				CLANG_ENABLE_OBJC_ARC = YES;
				CLANG_WARN_BOOL_CONVERSION = YES;
				CLANG_WARN_CONSTANT_CONVERSION = YES;
				CLANG_WARN_DIRECT_OBJC_ISA_USAGE = YES_ERROR;
				CLANG_WARN_EMPTY_BODY = YES;
				CLANG_WARN_ENUM_CONVERSION = YES;
				CLANG_WARN_INT_CONVERSION = YES;
				CLANG_WARN_OBJC_ROOT_CLASS = YES_ERROR;
				CLANG_WARN__DUPLICATE_METHOD_MATCH = YES;
				"CODE_SIGN_IDENTITY[sdk=iphoneos*]" = "iPhone Developer";
				COPY_PHASE_STRIP = YES;
				ENABLE_NS_ASSERTIONS = NO;
				GCC_C_LANGUAGE_STANDARD = gnu99;
				GCC_WARN_64_TO_32_BIT_CONVERSION = YES;
				GCC_WARN_ABOUT_RETURN_TYPE = YES_ERROR;
				GCC_WARN_UNDECLARED_SELECTOR = YES;
				GCC_WARN_UNINITIALIZED_AUTOS = YES_AGGRESSIVE;
				GCC_WARN_UNUSED_FUNCTION = YES;
				GCC_WARN_UNUSED_VARIABLE = YES;
				IPHONEOS_DEPLOYMENT_TARGET = 7.1;
				SDKROOT = iphoneos;
				VALIDATE_PRODUCT = YES;
			};
			name = Release;
		};
		3C817EB719DE13B00019C413 /* Debug */ = {
			isa = XCBuildConfiguration;
			buildSettings = {
				ASSETCATALOG_COMPILER_APPICON_NAME = AppIcon;
				ASSETCATALOG_COMPILER_LAUNCHIMAGE_NAME = LaunchImage;
				GCC_PRECOMPILE_PREFIX_HEADER = YES;
				GCC_PREFIX_HEADER = "ExampleProject/ExampleProject-Prefix.pch";
				INFOPLIST_FILE = "ExampleProject/ExampleProject-Info.plist";
				PRODUCT_NAME = "$(TARGET_NAME)";
				WRAPPER_EXTENSION = app;
			};
			name = Debug;
		};
		3C817EB819DE13B00019C413 /* Release */ = {
			isa = XCBuildConfiguration;
			buildSettings = {
				ASSETCATALOG_COMPILER_APPICON_NAME = AppIcon;
				ASSETCATALOG_COMPILER_LAUNCHIMAGE_NAME = LaunchImage;
				GCC_PRECOMPILE_PREFIX_HEADER = YES;
				GCC_PREFIX_HEADER = "ExampleProject/ExampleProject-Prefix.pch";
				INFOPLIST_FILE = "ExampleProject/ExampleProject-Info.plist";
				PRODUCT_NAME = "$(TARGET_NAME)";
				WRAPPER_EXTENSION = app;
			};
			name = Release;
		};
		3C817EBA19DE13B00019C413 /* Debug */ = {
			isa = XCBuildConfiguration;
			buildSettings = {
				BUNDLE_LOADER = "$(BUILT_PRODUCTS_DIR)/ExampleProject.app/ExampleProject";
				FRAMEWORK_SEARCH_PATHS = (
					"$(SDKROOT)/Developer/Library/Frameworks",
					"$(inherited)",
					"$(DEVELOPER_FRAMEWORKS_DIR)",
				);
				GCC_PRECOMPILE_PREFIX_HEADER = YES;
				GCC_PREFIX_HEADER = "ExampleProject/ExampleProject-Prefix.pch";
				GCC_PREPROCESSOR_DEFINITIONS = (
					"DEBUG=1",
					"$(inherited)",
				);
				INFOPLIST_FILE = "ExampleProjectTests/ExampleProjectTests-Info.plist";
				PRODUCT_NAME = "$(TARGET_NAME)";
				TEST_HOST = "$(BUNDLE_LOADER)";
				WRAPPER_EXTENSION = xctest;
			};
			name = Debug;
		};
		3C817EBB19DE13B00019C413 /* Release */ = {
			isa = XCBuildConfiguration;
			buildSettings = {
				BUNDLE_LOADER = "$(BUILT_PRODUCTS_DIR)/ExampleProject.app/ExampleProject";
				FRAMEWORK_SEARCH_PATHS = (
					"$(SDKROOT)/Developer/Library/Frameworks",
					"$(inherited)",
					"$(DEVELOPER_FRAMEWORKS_DIR)",
				);
				GCC_PRECOMPILE_PREFIX_HEADER = YES;
				GCC_PREFIX_HEADER = "ExampleProject/ExampleProject-Prefix.pch";
				INFOPLIST_FILE = "ExampleProjectTests/ExampleProjectTests-Info.plist";
				PRODUCT_NAME = "$(TARGET_NAME)";
				TEST_HOST = "$(BUNDLE_LOADER)";
				WRAPPER_EXTENSION = xctest;
			};
			name = Release;
		};
/* End XCBuildConfiguration section */

/* Begin XCConfigurationList section */
		3C817E7F19DE13B00019C413 /* Build configuration list for PBXProject "ExampleProject" */ = {
			isa = XCConfigurationList;
			buildConfigurations = (
				3C817EB419DE13B00019C413 /* Debug */,
				3C817EB519DE13B00019C413 /* Release */,
			);
			defaultConfigurationIsVisible = 0;
			defaultConfigurationName = Release;
		};
		3C817EB619DE13B00019C413 /* Build configuration list for PBXNativeTarget "ExampleProject" */ = {
			isa = XCConfigurationList;
			buildConfigurations = (
				3C817EB719DE13B00019C413 /* Debug */,
				3C817EB819DE13B00019C413 /* Release */,
			);
			defaultConfigurationIsVisible = 0;
		};
		3C817EB919DE13B00019C413 /* Build configuration list for PBXNativeTarget "ExampleProjectTests" */ = {
			isa = XCConfigurationList;
			buildConfigurations = (
				3C817EBA19DE13B00019C413 /* Debug */,
				3C817EBB19DE13B00019C413 /* Release */,
			);
			defaultConfigurationIsVisible = 0;
		};
/* End XCConfigurationList section */
	};
	rootObject = 3C817E7C19DE13B00019C413 /* Project object */;
}
